
Microsoft Visual Studio Solution File, Format Version 12.00
# Visual Studio Version 16
VisualStudioVersion = 16.0.32106.194
MinimumVisualStudioVersion = 10.0.40219.1
Project("{FAE04EC0-301F-11D3-BF4B-00C04F79EFBC}") = "Prototipo", "Prototipo.csproj", "{4FACA79E-FC44-4952-8778-A4827D7C980B}"
EndProject
Global
	GlobalSection(SolutionConfigurationPlatforms) = preSolution
		Debug|Any CPU = Debug|Any CPU
		Release|Any CPU = Release|Any CPU
	EndGlobalSection
	GlobalSection(ProjectConfigurationPlatforms) = postSolution
		{4FACA79E-FC44-4952-8778-A4827D7C980B}.Debug|Any CPU.ActiveCfg = Debug|Any CPU
		{4FACA79E-FC44-4952-8778-A4827D7C980B}.Debug|Any CPU.Build.0 = Debug|Any CPU
		{4FACA79E-FC44-4952-8778-A4827D7C980B}.Release|Any CPU.ActiveCfg = Release|Any CPU
		{4FACA79E-FC44-4952-8778-A4827D7C980B}.Release|Any CPU.Build.0 = Release|Any CPU
	EndGlobalSection
	GlobalSection(SolutionProperties) = preSolution
		HideSolutionNode = FALSE
	EndGlobalSection
	GlobalSection(ExtensibilityGlobals) = postSolution
		SolutionGuid = {F39B8FA0-C4EC-4A7A-BA76-A827FD730831}
	EndGlobalSection
EndGlobal
